
Microsoft Visual Studio Solution File, Format Version 12.00
# Visual Studio Version 17
VisualStudioVersion = 17.7.34031.279
MinimumVisualStudioVersion = 10.0.40219.1
Project("{FAE04EC0-301F-11D3-BF4B-00C04F79EFBC}") = "GA_DavidAbarca_LIst_And_ComboBox", "GA_DavidAbarca_LIst_And_ComboBox.csproj", "{0B73A38E-E075-4703-BAE1-06CEC5DF37EB}"
EndProject
Global
	GlobalSection(SolutionConfigurationPlatforms) = preSolution
		Debug|Any CPU = Debug|Any CPU
		Release|Any CPU = Release|Any CPU
	EndGlobalSection
	GlobalSection(ProjectConfigurationPlatforms) = postSolution
		{0B73A38E-E075-4703-BAE1-06CEC5DF37EB}.Debug|Any CPU.ActiveCfg = Debug|Any CPU
		{0B73A38E-E075-4703-BAE1-06CEC5DF37EB}.Debug|Any CPU.Build.0 = Debug|Any CPU
		{0B73A38E-E075-4703-BAE1-06CEC5DF37EB}.Release|Any CPU.ActiveCfg = Release|Any CPU
		{0B73A38E-E075-4703-BAE1-06CEC5DF37EB}.Release|Any CPU.Build.0 = Release|Any CPU
	EndGlobalSection
	GlobalSection(SolutionProperties) = preSolution
		HideSolutionNode = FALSE
	EndGlobalSection
	GlobalSection(ExtensibilityGlobals) = postSolution
		SolutionGuid = {90C0B58F-8118-4FBF-8D68-4060125908E2}
	EndGlobalSection
EndGlobal
